
Microsoft Visual Studio Solution File, Format Version 12.00
# Visual Studio 2012
Project("{E24C65DC-7377-472B-9ABA-BC803B73C61A}") = "ouritconsultant", ".", "{46A67DC8-F4D9-436B-8F7C-C4D78BD683A3}"
	ProjectSection(WebsiteProperties) = preProject
		TargetFrameworkMoniker = ".NETFramework,Version%3Dv4.0"
		Debug.AspNetCompiler.VirtualPath = "/ouritconsultant"
		Debug.AspNetCompiler.PhysicalPath = "..\ouritconsultant\"
		Debug.AspNetCompiler.TargetPath = "PrecompiledWeb\ouritconsultant\"
		Debug.AspNetCompiler.Updateable = "true"
		Debug.AspNetCompiler.ForceOverwrite = "true"
		Debug.AspNetCompiler.FixedNames = "false"
		Debug.AspNetCompiler.Debug = "True"
		Release.AspNetCompiler.VirtualPath = "/ouritconsultant"
		Release.AspNetCompiler.PhysicalPath = "..\ouritconsultant\"
		Release.AspNetCompiler.TargetPath = "PrecompiledWeb\ouritconsultant\"
		Release.AspNetCompiler.Updateable = "true"
		Release.AspNetCompiler.ForceOverwrite = "true"
		Release.AspNetCompiler.FixedNames = "false"
		Release.AspNetCompiler.Debug = "False"
		VWDPort = "62082"
	EndProjectSection
EndProject
Global
	GlobalSection(SolutionConfigurationPlatforms) = preSolution
		Debug|Any CPU = Debug|Any CPU
	EndGlobalSection
	GlobalSection(ProjectConfigurationPlatforms) = postSolution
		{46A67DC8-F4D9-436B-8F7C-C4D78BD683A3}.Debug|Any CPU.ActiveCfg = Debug|Any CPU
		{46A67DC8-F4D9-436B-8F7C-C4D78BD683A3}.Debug|Any CPU.Build.0 = Debug|Any CPU
	EndGlobalSection
	GlobalSection(SolutionProperties) = preSolution
		HideSolutionNode = FALSE
	EndGlobalSection
EndGlobal
